<Solution>
  <Folder Name="/1.- Presentacion/">
    <Project Path="SanAyG.Net10Mvc.csproj" />
  </Folder>
  <Folder Name="/2.- Aplicacion/">
    <Project Path="../AyG.Aplicacion/AyG.Aplicacion.csproj" />
  </Folder>
  <Folder Name="/3.- Dominio/">
    <Project Path="../AyG.Dominio/AyG.Dominio.csproj" />
  </Folder>
  <Folder Name="/4.- Data/">
    <Project Path="../AyG.Data/AyG.Data.csproj" />
  </Folder>
  <Project Path="../AyG.Share/AyG.Share.csproj" />
</Solution>
